# This file was autogenerated by uv via the following command:
#    uv pip compile backend/pyproject.toml --cache-dir .tools/cache --offline --output-file backend/requirements.lock
annotated-doc==0.0.5
    # via fastapi
annotated-types==0.8.0
    # via pydantic
anyio==4.15.1
    # via
    #   httpx
    #   starlette
certifi==2026.7.22
    # via
    #   httpcore
    #   httpx
click==8.5.0
    # via uvicorn
fastapi==0.142.1
    # via medhub-backend (backend/pyproject.toml)
h11==0.16.0
    # via
    #   httpcore
    #   uvicorn
httpcore==1.0.9
    # via httpx
httpx==0.28.1
    # via medhub-backend (backend/pyproject.toml)
idna==3.20
    # via
    #   anyio
    #   httpx
opentelemetry-api==1.45.0
    # via fastapi
pydantic==2.13.5
    # via
    #   fastapi
    #   pydantic-settings
pydantic-core==2.46.5
    # via pydantic
pydantic-settings==2.15.0
    # via medhub-backend (backend/pyproject.toml)
python-dotenv==1.2.3
    # via pydantic-settings
python-multipart==0.0.32
    # via medhub-backend (backend/pyproject.toml)
starlette==1.7.0
    # via fastapi
typing-extensions==4.16.0
    # via
    #   anyio
    #   fastapi
    #   opentelemetry-api
    #   pydantic
    #   pydantic-core
    #   starlette
    #   typing-inspection
typing-inspection==0.4.4
    # via
    #   fastapi
    #   pydantic
    #   pydantic-settings
uvicorn==0.54.0
    # via medhub-backend (backend/pyproject.toml)
